
Microsoft Visual Studio Solution File, Format Version 12.00
# Visual Studio 15
VisualStudioVersion = 15.0.27004.2005
MinimumVisualStudioVersion = 10.0.40219.1
Project("{FAE04EC0-301F-11D3-BF4B-00C04F79EFBC}") = "TestApp.Android", "TestApp\TestApp.Android\TestApp.Android.csproj", "{850C2CD7-BCEA-4037-8560-C6F83FAA7268}"
EndProject
Project("{FAE04EC0-301F-11D3-BF4B-00C04F79EFBC}") = "TestApp", "TestApp\TestApp\TestApp.csproj", "{5410B288-E5E6-4407-95BF-45C0C426E7F5}"
EndProject
Project("{FAE04EC0-301F-11D3-BF4B-00C04F79EFBC}") = "TestApp.UWP", "TestApp\TestApp.UWP\TestApp.UWP.csproj", "{7F78CB3A-5C3F-4A01-9439-34DF10868DEB}"
EndProject
Project("{FAE04EC0-301F-11D3-BF4B-00C04F79EFBC}") = "TestApp.iOS", "TestApp\TestApp.iOS\TestApp.iOS.csproj", "{DDCD15E3-4D56-435F-8194-E183B1B01CD0}"
EndProject
Global
	GlobalSection(SolutionConfigurationPlatforms) = preSolution
		Ad-Hoc|Any CPU = Ad-Hoc|Any CPU
		Ad-Hoc|ARM = Ad-Hoc|ARM
		Ad-Hoc|iPhone = Ad-Hoc|iPhone
		Ad-Hoc|iPhoneSimulator = Ad-Hoc|iPhoneSimulator
		Ad-Hoc|x64 = Ad-Hoc|x64
		Ad-Hoc|x86 = Ad-Hoc|x86
		AppStore|Any CPU = AppStore|Any CPU
		AppStore|ARM = AppStore|ARM
		AppStore|iPhone = AppStore|iPhone
		AppStore|iPhoneSimulator = AppStore|iPhoneSimulator
		AppStore|x64 = AppStore|x64
		AppStore|x86 = AppStore|x86
		Debug|Any CPU = Debug|Any CPU
		Debug|ARM = Debug|ARM
		Debug|iPhone = Debug|iPhone
		Debug|iPhoneSimulator = Debug|iPhoneSimulator
		Debug|x64 = Debug|x64
		Debug|x86 = Debug|x86
		Release|Any CPU = Release|Any CPU
		Release|ARM = Release|ARM
		Release|iPhone = Release|iPhone
		Release|iPhoneSimulator = Release|iPhoneSimulator
		Release|x64 = Release|x64
		Release|x86 = Release|x86
	EndGlobalSection
	GlobalSection(ProjectConfigurationPlatforms) = postSolution
		{850C2CD7-BCEA-4037-8560-C6F83FAA7268}.Ad-Hoc|Any CPU.ActiveCfg = Release|Any CPU
		{850C2CD7-BCEA-4037-8560-C6F83FAA7268}.Ad-Hoc|Any CPU.Build.0 = Release|Any CPU
		{850C2CD7-BCEA-4037-8560-C6F83FAA7268}.Ad-Hoc|Any CPU.Deploy.0 = Release|Any CPU
		{850C2CD7-BCEA-4037-8560-C6F83FAA7268}.Ad-Hoc|ARM.ActiveCfg = Release|Any CPU
		{850C2CD7-BCEA-4037-8560-C6F83FAA7268}.Ad-Hoc|ARM.Build.0 = Release|Any CPU
		{850C2CD7-BCEA-4037-8560-C6F83FAA7268}.Ad-Hoc|ARM.Deploy.0 = Release|Any CPU
		{850C2CD7-BCEA-4037-8560-C6F83FAA7268}.Ad-Hoc|iPhone.ActiveCfg = Release|Any CPU
		{850C2CD7-BCEA-4037-8560-C6F83FAA7268}.Ad-Hoc|iPhone.Build.0 = Release|Any CPU
		{850C2CD7-BCEA-4037-8560-C6F83FAA7268}.Ad-Hoc|iPhone.Deploy.0 = Release|Any CPU
		{850C2CD7-BCEA-4037-8560-C6F83FAA7268}.Ad-Hoc|iPhoneSimulator.ActiveCfg = Release|Any CPU
		{850C2CD7-BCEA-4037-8560-C6F83FAA7268}.Ad-Hoc|iPhoneSimulator.Build.0 = Release|Any CPU
		{850C2CD7-BCEA-4037-8560-C6F83FAA7268}.Ad-Hoc|iPhoneSimulator.Deploy.0 = Release|Any CPU
		{850C2CD7-BCEA-4037-8560-C6F83FAA7268}.Ad-Hoc|x64.ActiveCfg = Release|Any CPU
		{850C2CD7-BCEA-4037-8560-C6F83FAA7268}.Ad-Hoc|x64.Build.0 = Release|Any CPU
		{850C2CD7-BCEA-4037-8560-C6F83FAA7268}.Ad-Hoc|x64.Deploy.0 = Release|Any CPU
		{850C2CD7-BCEA-4037-8560-C6F83FAA7268}.Ad-Hoc|x86.ActiveCfg = Release|Any CPU
		{850C2CD7-BCEA-4037-8560-C6F83FAA7268}.Ad-Hoc|x86.Build.0 = Release|Any CPU
		{850C2CD7-BCEA-4037-8560-C6F83FAA7268}.Ad-Hoc|x86.Deploy.0 = Release|Any CPU
		{850C2CD7-BCEA-4037-8560-C6F83FAA7268}.AppStore|Any CPU.ActiveCfg = Release|Any CPU
		{850C2CD7-BCEA-4037-8560-C6F83FAA7268}.AppStore|Any CPU.Build.0 = Release|Any CPU
		{850C2CD7-BCEA-4037-8560-C6F83FAA7268}.AppStore|Any CPU.Deploy.0 = Release|Any CPU
		{850C2CD7-BCEA-4037-8560-C6F83FAA7268}.AppStore|ARM.ActiveCfg = Release|Any CPU
		{850C2CD7-BCEA-4037-8560-C6F83FAA7268}.AppStore|ARM.Build.0 = Release|Any CPU
		{850C2CD7-BCEA-4037-8560-C6F83FAA7268}.AppStore|ARM.Deploy.0 = Release|Any CPU
		{850C2CD7-BCEA-4037-8560-C6F83FAA7268}.AppStore|iPhone.ActiveCfg = Release|Any CPU
		{850C2CD7-BCEA-4037-8560-C6F83FAA7268}.AppStore|iPhone.Build.0 = Release|Any CPU
		{850C2CD7-BCEA-4037-8560-C6F83FAA7268}.AppStore|iPhone.Deploy.0 = Release|Any CPU
		{850C2CD7-BCEA-4037-8560-C6F83FAA7268}.AppStore|iPhoneSimulator.ActiveCfg = Release|Any CPU
		{850C2CD7-BCEA-4037-8560-C6F83FAA7268}.AppStore|iPhoneSimulator.Build.0 = Release|Any CPU
		{850C2CD7-BCEA-4037-8560-C6F83FAA7268}.AppStore|iPhoneSimulator.Deploy.0 = Release|Any CPU
		{850C2CD7-BCEA-4037-8560-C6F83FAA7268}.AppStore|x64.ActiveCfg = Release|Any CPU
		{850C2CD7-BCEA-4037-8560-C6F83FAA7268}.AppStore|x64.Build.0 = Release|Any CPU
		{850C2CD7-BCEA-4037-8560-C6F83FAA7268}.AppStore|x64.Deploy.0 = Release|Any CPU
		{850C2CD7-BCEA-4037-8560-C6F83FAA7268}.AppStore|x86.ActiveCfg = Release|Any CPU
		{850C2CD7-BCEA-4037-8560-C6F83FAA7268}.AppStore|x86.Build.0 = Release|Any CPU
		{850C2CD7-BCEA-4037-8560-C6F83FAA7268}.AppStore|x86.Deploy.0 = Release|Any CPU
		{850C2CD7-BCEA-4037-8560-C6F83FAA7268}.Debug|Any CPU.ActiveCfg = Debug|Any CPU
		{850C2CD7-BCEA-4037-8560-C6F83FAA7268}.Debug|Any CPU.Build.0 = Debug|Any CPU
		{850C2CD7-BCEA-4037-8560-C6F83FAA7268}.Debug|Any CPU.Deploy.0 = Debug|Any CPU
		{850C2CD7-BCEA-4037-8560-C6F83FAA7268}.Debug|ARM.ActiveCfg = Debug|Any CPU
		{850C2CD7-BCEA-4037-8560-C6F83FAA7268}.Debug|ARM.Build.0 = Debug|Any CPU
		{850C2CD7-BCEA-4037-8560-C6F83FAA7268}.Debug|ARM.Deploy.0 = Debug|Any CPU
		{850C2CD7-BCEA-4037-8560-C6F83FAA7268}.Debug|iPhone.ActiveCfg = Debug|Any CPU
		{850C2CD7-BCEA-4037-8560-C6F83FAA7268}.Debug|iPhone.Build.0 = Debug|Any CPU
		{850C2CD7-BCEA-4037-8560-C6F83FAA7268}.Debug|iPhone.Deploy.0 = Debug|Any CPU
		{850C2CD7-BCEA-4037-8560-C6F83FAA7268}.Debug|iPhoneSimulator.ActiveCfg = Debug|Any CPU
		{850C2CD7-BCEA-4037-8560-C6F83FAA7268}.Debug|iPhoneSimulator.Build.0 = Debug|Any CPU
		{850C2CD7-BCEA-4037-8560-C6F83FAA7268}.Debug|iPhoneSimulator.Deploy.0 = Debug|Any CPU
		{850C2CD7-BCEA-4037-8560-C6F83FAA7268}.Debug|x64.ActiveCfg = Debug|Any CPU
		{850C2CD7-BCEA-4037-8560-C6F83FAA7268}.Debug|x64.Build.0 = Debug|Any CPU
		{850C2CD7-BCEA-4037-8560-C6F83FAA7268}.Debug|x64.Deploy.0 = Debug|Any CPU
		{850C2CD7-BCEA-4037-8560-C6F83FAA7268}.Debug|x86.ActiveCfg = Debug|Any CPU
		{850C2CD7-BCEA-4037-8560-C6F83FAA7268}.Debug|x86.Build.0 = Debug|Any CPU
		{850C2CD7-BCEA-4037-8560-C6F83FAA7268}.Debug|x86.Deploy.0 = Debug|Any CPU
		{850C2CD7-BCEA-4037-8560-C6F83FAA7268}.Release|Any CPU.ActiveCfg = Release|Any CPU
		{850C2CD7-BCEA-4037-8560-C6F83FAA7268}.Release|Any CPU.Build.0 = Release|Any CPU
		{850C2CD7-BCEA-4037-8560-C6F83FAA7268}.Release|Any CPU.Deploy.0 = Release|Any CPU
		{850C2CD7-BCEA-4037-8560-C6F83FAA7268}.Release|ARM.ActiveCfg = Release|Any CPU
		{850C2CD7-BCEA-4037-8560-C6F83FAA7268}.Release|ARM.Build.0 = Release|Any CPU
		{850C2CD7-BCEA-4037-8560-C6F83FAA7268}.Release|ARM.Deploy.0 = Release|Any CPU
		{850C2CD7-BCEA-4037-8560-C6F83FAA7268}.Release|iPhone.ActiveCfg = Release|Any CPU
		{850C2CD7-BCEA-4037-8560-C6F83FAA7268}.Release|iPhone.Build.0 = Release|Any CPU
		{850C2CD7-BCEA-4037-8560-C6F83FAA7268}.Release|iPhone.Deploy.0 = Release|Any CPU
		{850C2CD7-BCEA-4037-8560-C6F83FAA7268}.Release|iPhoneSimulator.ActiveCfg = Release|Any CPU
		{850C2CD7-BCEA-4037-8560-C6F83FAA7268}.Release|iPhoneSimulator.Build.0 = Release|Any CPU
		{850C2CD7-BCEA-4037-8560-C6F83FAA7268}.Release|iPhoneSimulator.Deploy.0 = Release|Any CPU
		{850C2CD7-BCEA-4037-8560-C6F83FAA7268}.Release|x64.ActiveCfg = Release|Any CPU
		{850C2CD7-BCEA-4037-8560-C6F83FAA7268}.Release|x64.Build.0 = Release|Any CPU
		{850C2CD7-BCEA-4037-8560-C6F83FAA7268}.Release|x64.Deploy.0 = Release|Any CPU
		{850C2CD7-BCEA-4037-8560-C6F83FAA7268}.Release|x86.ActiveCfg = Release|Any CPU
		{850C2CD7-BCEA-4037-8560-C6F83FAA7268}.Release|x86.Build.0 = Release|Any CPU
		{850C2CD7-BCEA-4037-8560-C6F83FAA7268}.Release|x86.Deploy.0 = Release|Any CPU
		{5410B288-E5E6-4407-95BF-45C0C426E7F5}.Ad-Hoc|Any CPU.ActiveCfg = Release|Any CPU
		{5410B288-E5E6-4407-95BF-45C0C426E7F5}.Ad-Hoc|Any CPU.Build.0 = Release|Any CPU
		{5410B288-E5E6-4407-95BF-45C0C426E7F5}.Ad-Hoc|ARM.ActiveCfg = Release|Any CPU
		{5410B288-E5E6-4407-95BF-45C0C426E7F5}.Ad-Hoc|ARM.Build.0 = Release|Any CPU
		{5410B288-E5E6-4407-95BF-45C0C426E7F5}.Ad-Hoc|iPhone.ActiveCfg = Release|Any CPU
		{5410B288-E5E6-4407-95BF-45C0C426E7F5}.Ad-Hoc|iPhone.Build.0 = Release|Any CPU
		{5410B288-E5E6-4407-95BF-45C0C426E7F5}.Ad-Hoc|iPhoneSimulator.ActiveCfg = Release|Any CPU
		{5410B288-E5E6-4407-95BF-45C0C426E7F5}.Ad-Hoc|iPhoneSimulator.Build.0 = Release|Any CPU
		{5410B288-E5E6-4407-95BF-45C0C426E7F5}.Ad-Hoc|x64.ActiveCfg = Release|Any CPU
		{5410B288-E5E6-4407-95BF-45C0C426E7F5}.Ad-Hoc|x64.Build.0 = Release|Any CPU
		{5410B288-E5E6-4407-95BF-45C0C426E7F5}.Ad-Hoc|x86.ActiveCfg = Release|Any CPU
		{5410B288-E5E6-4407-95BF-45C0C426E7F5}.Ad-Hoc|x86.Build.0 = Release|Any CPU
		{5410B288-E5E6-4407-95BF-45C0C426E7F5}.AppStore|Any CPU.ActiveCfg = Release|Any CPU
		{5410B288-E5E6-4407-95BF-45C0C426E7F5}.AppStore|Any CPU.Build.0 = Release|Any CPU
		{5410B288-E5E6-4407-95BF-45C0C426E7F5}.AppStore|ARM.ActiveCfg = Release|Any CPU
		{5410B288-E5E6-4407-95BF-45C0C426E7F5}.AppStore|ARM.Build.0 = Release|Any CPU
		{5410B288-E5E6-4407-95BF-45C0C426E7F5}.AppStore|iPhone.ActiveCfg = Release|Any CPU
		{5410B288-E5E6-4407-95BF-45C0C426E7F5}.AppStore|iPhone.Build.0 = Release|Any CPU
		{5410B288-E5E6-4407-95BF-45C0C426E7F5}.AppStore|iPhoneSimulator.ActiveCfg = Release|Any CPU
		{5410B288-E5E6-4407-95BF-45C0C426E7F5}.AppStore|iPhoneSimulator.Build.0 = Release|Any CPU
		{5410B288-E5E6-4407-95BF-45C0C426E7F5}.AppStore|x64.ActiveCfg = Release|Any CPU
		{5410B288-E5E6-4407-95BF-45C0C426E7F5}.AppStore|x64.Build.0 = Release|Any CPU
		{5410B288-E5E6-4407-95BF-45C0C426E7F5}.AppStore|x86.ActiveCfg = Release|Any CPU
		{5410B288-E5E6-4407-95BF-45C0C426E7F5}.AppStore|x86.Build.0 = Release|Any CPU
		{5410B288-E5E6-4407-95BF-45C0C426E7F5}.Debug|Any CPU.ActiveCfg = Debug|Any CPU
		{5410B288-E5E6-4407-95BF-45C0C426E7F5}.Debug|Any CPU.Build.0 = Debug|Any CPU
		{5410B288-E5E6-4407-95BF-45C0C426E7F5}.Debug|ARM.ActiveCfg = Debug|Any CPU
		{5410B288-E5E6-4407-95BF-45C0C426E7F5}.Debug|ARM.Build.0 = Debug|Any CPU
		{5410B288-E5E6-4407-95BF-45C0C426E7F5}.Debug|iPhone.ActiveCfg = Debug|Any CPU
		{5410B288-E5E6-4407-95BF-45C0C426E7F5}.Debug|iPhone.Build.0 = Debug|Any CPU
		{5410B288-E5E6-4407-95BF-45C0C426E7F5}.Debug|iPhoneSimulator.ActiveCfg = Debug|Any CPU
		{5410B288-E5E6-4407-95BF-45C0C426E7F5}.Debug|iPhoneSimulator.Build.0 = Debug|Any CPU
		{5410B288-E5E6-4407-95BF-45C0C426E7F5}.Debug|x64.ActiveCfg = Debug|Any CPU
		{5410B288-E5E6-4407-95BF-45C0C426E7F5}.Debug|x64.Build.0 = Debug|Any CPU
		{5410B288-E5E6-4407-95BF-45C0C426E7F5}.Debug|x86.ActiveCfg = Debug|Any CPU
		{5410B288-E5E6-4407-95BF-45C0C426E7F5}.Debug|x86.Build.0 = Debug|Any CPU
		{5410B288-E5E6-4407-95BF-45C0C426E7F5}.Release|Any CPU.ActiveCfg = Release|Any CPU
		{5410B288-E5E6-4407-95BF-45C0C426E7F5}.Release|Any CPU.Build.0 = Release|Any CPU
		{5410B288-E5E6-4407-95BF-45C0C426E7F5}.Release|ARM.ActiveCfg = Release|Any CPU
		{5410B288-E5E6-4407-95BF-45C0C426E7F5}.Release|ARM.Build.0 = Release|Any CPU
		{5410B288-E5E6-4407-95BF-45C0C426E7F5}.Release|iPhone.ActiveCfg = Release|Any CPU
		{5410B288-E5E6-4407-95BF-45C0C426E7F5}.Release|iPhone.Build.0 = Release|Any CPU
		{5410B288-E5E6-4407-95BF-45C0C426E7F5}.Release|iPhoneSimulator.ActiveCfg = Release|Any CPU
		{5410B288-E5E6-4407-95BF-45C0C426E7F5}.Release|iPhoneSimulator.Build.0 = Release|Any CPU
		{5410B288-E5E6-4407-95BF-45C0C426E7F5}.Release|x64.ActiveCfg = Release|Any CPU
		{5410B288-E5E6-4407-95BF-45C0C426E7F5}.Release|x64.Build.0 = Release|Any CPU
		{5410B288-E5E6-4407-95BF-45C0C426E7F5}.Release|x86.ActiveCfg = Release|Any CPU
		{5410B288-E5E6-4407-95BF-45C0C426E7F5}.Release|x86.Build.0 = Release|Any CPU
		{7F78CB3A-5C3F-4A01-9439-34DF10868DEB}.Ad-Hoc|Any CPU.ActiveCfg = Release|x86
		{7F78CB3A-5C3F-4A01-9439-34DF10868DEB}.Ad-Hoc|Any CPU.Build.0 = Release|x86
		{7F78CB3A-5C3F-4A01-9439-34DF10868DEB}.Ad-Hoc|Any CPU.Deploy.0 = Release|x86
		{7F78CB3A-5C3F-4A01-9439-34DF10868DEB}.Ad-Hoc|ARM.ActiveCfg = Release|ARM
		{7F78CB3A-5C3F-4A01-9439-34DF10868DEB}.Ad-Hoc|ARM.Build.0 = Release|ARM
		{7F78CB3A-5C3F-4A01-9439-34DF10868DEB}.Ad-Hoc|ARM.Deploy.0 = Release|ARM
		{7F78CB3A-5C3F-4A01-9439-34DF10868DEB}.Ad-Hoc|iPhone.ActiveCfg = Release|x86
		{7F78CB3A-5C3F-4A01-9439-34DF10868DEB}.Ad-Hoc|iPhone.Build.0 = Release|x86
		{7F78CB3A-5C3F-4A01-9439-34DF10868DEB}.Ad-Hoc|iPhone.Deploy.0 = Release|x86
		{7F78CB3A-5C3F-4A01-9439-34DF10868DEB}.Ad-Hoc|iPhoneSimulator.ActiveCfg = Release|x86
		{7F78CB3A-5C3F-4A01-9439-34DF10868DEB}.Ad-Hoc|iPhoneSimulator.Build.0 = Release|x86
		{7F78CB3A-5C3F-4A01-9439-34DF10868DEB}.Ad-Hoc|iPhoneSimulator.Deploy.0 = Release|x86
		{7F78CB3A-5C3F-4A01-9439-34DF10868DEB}.Ad-Hoc|x64.ActiveCfg = Release|x64
		{7F78CB3A-5C3F-4A01-9439-34DF10868DEB}.Ad-Hoc|x64.Build.0 = Release|x64
		{7F78CB3A-5C3F-4A01-9439-34DF10868DEB}.Ad-Hoc|x64.Deploy.0 = Release|x64
		{7F78CB3A-5C3F-4A01-9439-34DF10868DEB}.Ad-Hoc|x86.ActiveCfg = Release|x86
		{7F78CB3A-5C3F-4A01-9439-34DF10868DEB}.Ad-Hoc|x86.Build.0 = Release|x86
		{7F78CB3A-5C3F-4A01-9439-34DF10868DEB}.Ad-Hoc|x86.Deploy.0 = Release|x86
		{7F78CB3A-5C3F-4A01-9439-34DF10868DEB}.AppStore|Any CPU.ActiveCfg = Release|x86
		{7F78CB3A-5C3F-4A01-9439-34DF10868DEB}.AppStore|Any CPU.Build.0 = Release|x86
		{7F78CB3A-5C3F-4A01-9439-34DF10868DEB}.AppStore|Any CPU.Deploy.0 = Release|x86
		{7F78CB3A-5C3F-4A01-9439-34DF10868DEB}.AppStore|ARM.ActiveCfg = Release|ARM
		{7F78CB3A-5C3F-4A01-9439-34DF10868DEB}.AppStore|ARM.Build.0 = Release|ARM
		{7F78CB3A-5C3F-4A01-9439-34DF10868DEB}.AppStore|ARM.Deploy.0 = Release|ARM
		{7F78CB3A-5C3F-4A01-9439-34DF10868DEB}.AppStore|iPhone.ActiveCfg = Release|x86
		{7F78CB3A-5C3F-4A01-9439-34DF10868DEB}.AppStore|iPhone.Build.0 = Release|x86
		{7F78CB3A-5C3F-4A01-9439-34DF10868DEB}.AppStore|iPhone.Deploy.0 = Release|x86
		{7F78CB3A-5C3F-4A01-9439-34DF10868DEB}.AppStore|iPhoneSimulator.ActiveCfg = Release|x86
		{7F78CB3A-5C3F-4A01-9439-34DF10868DEB}.AppStore|iPhoneSimulator.Build.0 = Release|x86
		{7F78CB3A-5C3F-4A01-9439-34DF10868DEB}.AppStore|iPhoneSimulator.Deploy.0 = Release|x86
		{7F78CB3A-5C3F-4A01-9439-34DF10868DEB}.AppStore|x64.ActiveCfg = Release|x64
		{7F78CB3A-5C3F-4A01-9439-34DF10868DEB}.AppStore|x64.Build.0 = Release|x64
		{7F78CB3A-5C3F-4A01-9439-34DF10868DEB}.AppStore|x64.Deploy.0 = Release|x64
		{7F78CB3A-5C3F-4A01-9439-34DF10868DEB}.AppStore|x86.ActiveCfg = Release|x86
		{7F78CB3A-5C3F-4A01-9439-34DF10868DEB}.AppStore|x86.Build.0 = Release|x86
		{7F78CB3A-5C3F-4A01-9439-34DF10868DEB}.AppStore|x86.Deploy.0 = Release|x86
		{7F78CB3A-5C3F-4A01-9439-34DF10868DEB}.Debug|Any CPU.ActiveCfg = Debug|x86
		{7F78CB3A-5C3F-4A01-9439-34DF10868DEB}.Debug|ARM.ActiveCfg = Debug|ARM
		{7F78CB3A-5C3F-4A01-9439-34DF10868DEB}.Debug|ARM.Build.0 = Debug|ARM
		{7F78CB3A-5C3F-4A01-9439-34DF10868DEB}.Debug|ARM.Deploy.0 = Debug|ARM
		{7F78CB3A-5C3F-4A01-9439-34DF10868DEB}.Debug|iPhone.ActiveCfg = Debug|x86
		{7F78CB3A-5C3F-4A01-9439-34DF10868DEB}.Debug|iPhoneSimulator.ActiveCfg = Debug|x86
		{7F78CB3A-5C3F-4A01-9439-34DF10868DEB}.Debug|x64.ActiveCfg = Debug|x64
		{7F78CB3A-5C3F-4A01-9439-34DF10868DEB}.Debug|x64.Build.0 = Debug|x64
		{7F78CB3A-5C3F-4A01-9439-34DF10868DEB}.Debug|x64.Deploy.0 = Debug|x64
		{7F78CB3A-5C3F-4A01-9439-34DF10868DEB}.Debug|x86.ActiveCfg = Debug|x86
		{7F78CB3A-5C3F-4A01-9439-34DF10868DEB}.Debug|x86.Build.0 = Debug|x86
		{7F78CB3A-5C3F-4A01-9439-34DF10868DEB}.Debug|x86.Deploy.0 = Debug|x86
		{7F78CB3A-5C3F-4A01-9439-34DF10868DEB}.Release|Any CPU.ActiveCfg = Release|x86
		{7F78CB3A-5C3F-4A01-9439-34DF10868DEB}.Release|ARM.ActiveCfg = Release|ARM
		{7F78CB3A-5C3F-4A01-9439-34DF10868DEB}.Release|ARM.Build.0 = Release|ARM
		{7F78CB3A-5C3F-4A01-9439-34DF10868DEB}.Release|ARM.Deploy.0 = Release|ARM
		{7F78CB3A-5C3F-4A01-9439-34DF10868DEB}.Release|iPhone.ActiveCfg = Release|x86
		{7F78CB3A-5C3F-4A01-9439-34DF10868DEB}.Release|iPhoneSimulator.ActiveCfg = Release|x86
		{7F78CB3A-5C3F-4A01-9439-34DF10868DEB}.Release|x64.ActiveCfg = Release|x64
		{7F78CB3A-5C3F-4A01-9439-34DF10868DEB}.Release|x64.Build.0 = Release|x64
		{7F78CB3A-5C3F-4A01-9439-34DF10868DEB}.Release|x64.Deploy.0 = Release|x64
		{7F78CB3A-5C3F-4A01-9439-34DF10868DEB}.Release|x86.ActiveCfg = Release|x86
		{7F78CB3A-5C3F-4A01-9439-34DF10868DEB}.Release|x86.Build.0 = Release|x86
		{7F78CB3A-5C3F-4A01-9439-34DF10868DEB}.Release|x86.Deploy.0 = Release|x86
		{DDCD15E3-4D56-435F-8194-E183B1B01CD0}.Ad-Hoc|Any CPU.ActiveCfg = Ad-Hoc|iPhoneSimulator
		{DDCD15E3-4D56-435F-8194-E183B1B01CD0}.Ad-Hoc|ARM.ActiveCfg = Ad-Hoc|iPhone
		{DDCD15E3-4D56-435F-8194-E183B1B01CD0}.Ad-Hoc|iPhone.ActiveCfg = Ad-Hoc|iPhone
		{DDCD15E3-4D56-435F-8194-E183B1B01CD0}.Ad-Hoc|iPhone.Build.0 = Ad-Hoc|iPhone
		{DDCD15E3-4D56-435F-8194-E183B1B01CD0}.Ad-Hoc|iPhoneSimulator.ActiveCfg = Ad-Hoc|iPhoneSimulator
		{DDCD15E3-4D56-435F-8194-E183B1B01CD0}.Ad-Hoc|iPhoneSimulator.Build.0 = Ad-Hoc|iPhoneSimulator
		{DDCD15E3-4D56-435F-8194-E183B1B01CD0}.Ad-Hoc|x64.ActiveCfg = Ad-Hoc|iPhone
		{DDCD15E3-4D56-435F-8194-E183B1B01CD0}.Ad-Hoc|x86.ActiveCfg = Ad-Hoc|iPhone
		{DDCD15E3-4D56-435F-8194-E183B1B01CD0}.AppStore|Any CPU.ActiveCfg = AppStore|iPhoneSimulator
		{DDCD15E3-4D56-435F-8194-E183B1B01CD0}.AppStore|ARM.ActiveCfg = AppStore|iPhone
		{DDCD15E3-4D56-435F-8194-E183B1B01CD0}.AppStore|iPhone.ActiveCfg = AppStore|iPhone
		{DDCD15E3-4D56-435F-8194-E183B1B01CD0}.AppStore|iPhone.Build.0 = AppStore|iPhone
		{DDCD15E3-4D56-435F-8194-E183B1B01CD0}.AppStore|iPhoneSimulator.ActiveCfg = AppStore|iPhoneSimulator
		{DDCD15E3-4D56-435F-8194-E183B1B01CD0}.AppStore|iPhoneSimulator.Build.0 = AppStore|iPhoneSimulator
		{DDCD15E3-4D56-435F-8194-E183B1B01CD0}.AppStore|x64.ActiveCfg = AppStore|iPhone
		{DDCD15E3-4D56-435F-8194-E183B1B01CD0}.AppStore|x86.ActiveCfg = AppStore|iPhone
		{DDCD15E3-4D56-435F-8194-E183B1B01CD0}.Debug|Any CPU.ActiveCfg = Debug|iPhoneSimulator
		{DDCD15E3-4D56-435F-8194-E183B1B01CD0}.Debug|ARM.ActiveCfg = Debug|iPhone
		{DDCD15E3-4D56-435F-8194-E183B1B01CD0}.Debug|iPhone.ActiveCfg = Debug|iPhone
		{DDCD15E3-4D56-435F-8194-E183B1B01CD0}.Debug|iPhone.Build.0 = Debug|iPhone
		{DDCD15E3-4D56-435F-8194-E183B1B01CD0}.Debug|iPhoneSimulator.ActiveCfg = Debug|iPhoneSimulator
		{DDCD15E3-4D56-435F-8194-E183B1B01CD0}.Debug|iPhoneSimulator.Build.0 = Debug|iPhoneSimulator
		{DDCD15E3-4D56-435F-8194-E183B1B01CD0}.Debug|x64.ActiveCfg = Debug|iPhone
		{DDCD15E3-4D56-435F-8194-E183B1B01CD0}.Debug|x86.ActiveCfg = Debug|iPhone
		{DDCD15E3-4D56-435F-8194-E183B1B01CD0}.Release|Any CPU.ActiveCfg = Release|iPhoneSimulator
		{DDCD15E3-4D56-435F-8194-E183B1B01CD0}.Release|ARM.ActiveCfg = Release|iPhone
		{DDCD15E3-4D56-435F-8194-E183B1B01CD0}.Release|iPhone.ActiveCfg = Release|iPhone
		{DDCD15E3-4D56-435F-8194-E183B1B01CD0}.Release|iPhone.Build.0 = Release|iPhone
		{DDCD15E3-4D56-435F-8194-E183B1B01CD0}.Release|iPhoneSimulator.ActiveCfg = Release|iPhoneSimulator
		{DDCD15E3-4D56-435F-8194-E183B1B01CD0}.Release|iPhoneSimulator.Build.0 = Release|iPhoneSimulator
		{DDCD15E3-4D56-435F-8194-E183B1B01CD0}.Release|x64.ActiveCfg = Release|iPhone
		{DDCD15E3-4D56-435F-8194-E183B1B01CD0}.Release|x86.ActiveCfg = Release|iPhone
	EndGlobalSection
	GlobalSection(SolutionProperties) = preSolution
		HideSolutionNode = FALSE
	EndGlobalSection
	GlobalSection(ExtensibilityGlobals) = postSolution
		SolutionGuid = {09E1A883-5ED0-450E-A779-FA5A1E672F80}
	EndGlobalSection
EndGlobal
